
Microsoft Visual Studio Solution File, Format Version 12.00
# Visual Studio Version 17
VisualStudioVersion = 17.13.35818.85 d17.13
MinimumVisualStudioVersion = 10.0.40219.1
Project("{888888A0-9F3D-457C-B088-3A5042F75D52}") = "facialREC", "facialREC\facialREC.pyproj", "{57E0E675-60A7-42E1-B993-BD8A5140919C}"
EndProject
Global
	GlobalSection(SolutionConfigurationPlatforms) = preSolution
		Debug|Any CPU = Debug|Any CPU
		Release|Any CPU = Release|Any CPU
	EndGlobalSection
	GlobalSection(ProjectConfigurationPlatforms) = postSolution
		{57E0E675-60A7-42E1-B993-BD8A5140919C}.Debug|Any CPU.ActiveCfg = Debug|Any CPU
		{57E0E675-60A7-42E1-B993-BD8A5140919C}.Release|Any CPU.ActiveCfg = Release|Any CPU
	EndGlobalSection
	GlobalSection(SolutionProperties) = preSolution
		HideSolutionNode = FALSE
	EndGlobalSection
	GlobalSection(ExtensibilityGlobals) = postSolution
		SolutionGuid = {FE219152-5B1D-44DE-BE74-F20FB5CFFBA9}
	EndGlobalSection
EndGlobal
